// !$*UTF8*$!
{
	archiveVersion = 1;
	classes = {
	};
	objectVersion = 55;
	objects = {

/* Begin PBXBuildFile section */
		49030B3F2895B4200068C4F3 /* EssentialFeed.framework in Frameworks */ = {isa = PBXBuildFile; fileRef = 49030B362895B4200068C4F3 /* EssentialFeed.framework */; };
		49030B4F2895B42D0068C4F3 /* FeedImage.swift in Sources */ = {isa = PBXBuildFile; fileRef = 49030B4E2895B42D0068C4F3 /* FeedImage.swift */; };
		49030B512895B48C0068C4F3 /* FeedLoader.swift in Sources */ = {isa = PBXBuildFile; fileRef = 49030B502895B48C0068C4F3 /* FeedLoader.swift */; };
		490C176D28A53E07006F3679 /* HTTPClient.swift in Sources */ = {isa = PBXBuildFile; fileRef = 490C176C28A53E07006F3679 /* HTTPClient.swift */; };
		490C176F28A53E63006F3679 /* FeedItemsMapper.swift in Sources */ = {isa = PBXBuildFile; fileRef = 490C176E28A53E63006F3679 /* FeedItemsMapper.swift */; };
		4910328B28D0A20C0033814C /* FeedStoreSpy.swift in Sources */ = {isa = PBXBuildFile; fileRef = 4910328A28D0A20C0033814C /* FeedStoreSpy.swift */; };
		492F2BC7289D496A00D2FE8D /* RemoteFeedLoader.swift in Sources */ = {isa = PBXBuildFile; fileRef = 492F2BC6289D496A00D2FE8D /* RemoteFeedLoader.swift */; };
		4944546028C9235000BB4A5A /* CacheFeedUseCaseTests.swift in Sources */ = {isa = PBXBuildFile; fileRef = 4944545F28C9235000BB4A5A /* CacheFeedUseCaseTests.swift */; };
		4955076C289C9F810027142A /* LoadFeedFromRemoteUseCaseTests.swift in Sources */ = {isa = PBXBuildFile; fileRef = 4955076B289C9F810027142A /* LoadFeedFromRemoteUseCaseTests.swift */; };
		495CABB528B57D8B00C8D10A /* EssentialFeedTestsAPIEndToEndTests.swift in Sources */ = {isa = PBXBuildFile; fileRef = 495CABB428B57D8B00C8D10A /* EssentialFeedTestsAPIEndToEndTests.swift */; };
		495CABB628B57D8B00C8D10A /* EssentialFeed.framework in Frameworks */ = {isa = PBXBuildFile; fileRef = 49030B362895B4200068C4F3 /* EssentialFeed.framework */; };
		495CABBC28B580ED00C8D10A /* XCTestCase+MemoryLeakTracking.swift in Sources */ = {isa = PBXBuildFile; fileRef = 49BB854928B2D99A00EAE320 /* XCTestCase+MemoryLeakTracking.swift */; };
		49610CA028D49CA000B7241D /* ValidateFeedCacheUserCaseTests.swift in Sources */ = {isa = PBXBuildFile; fileRef = 49610C9E28D49C9200B7241D /* ValidateFeedCacheUserCaseTests.swift */; };
		49610CA228D49FCE00B7241D /* FeedCacheTestHelpers.swift in Sources */ = {isa = PBXBuildFile; fileRef = 49610CA128D49FCE00B7241D /* FeedCacheTestHelpers.swift */; };
		49610CA428D4A0FC00B7241D /* SharedTestHelpers.swift in Sources */ = {isa = PBXBuildFile; fileRef = 49610CA328D4A0FC00B7241D /* SharedTestHelpers.swift */; };
		496CA9E828D0196D00EF372D /* RemoteFeedItem.swift in Sources */ = {isa = PBXBuildFile; fileRef = 496CA9E728D0196D00EF372D /* RemoteFeedItem.swift */; };
		496CA9EA28D019B400EF372D /* LocalFeedImage.swift in Sources */ = {isa = PBXBuildFile; fileRef = 496CA9E928D019B400EF372D /* LocalFeedImage.swift */; };
		496CA9EC28D0A04400EF372D /* LoadFeedFromCacheUseCaseTests.swift in Sources */ = {isa = PBXBuildFile; fileRef = 496CA9EB28D0A04400EF372D /* LoadFeedFromCacheUseCaseTests.swift */; };
		49700FC728CC12760074068C /* LocalFeedLoader.swift in Sources */ = {isa = PBXBuildFile; fileRef = 49700FC628CC12760074068C /* LocalFeedLoader.swift */; };
		49700FC928CC12D10074068C /* FeedStore.swift in Sources */ = {isa = PBXBuildFile; fileRef = 49700FC828CC12D10074068C /* FeedStore.swift */; };
		49BB854A28B2D99A00EAE320 /* XCTestCase+MemoryLeakTracking.swift in Sources */ = {isa = PBXBuildFile; fileRef = 49BB854928B2D99A00EAE320 /* XCTestCase+MemoryLeakTracking.swift */; };
		49BB854C28B2EBC700EAE320 /* URLSessionHTTPClient.swift in Sources */ = {isa = PBXBuildFile; fileRef = 49BB854B28B2EBC700EAE320 /* URLSessionHTTPClient.swift */; };
		49F793B928A9A964004E43A9 /* URLSessionHTTPClientTests.swift in Sources */ = {isa = PBXBuildFile; fileRef = 49F793B828A9A964004E43A9 /* URLSessionHTTPClientTests.swift */; };
/* End PBXBuildFile section */

/* Begin PBXContainerItemProxy section */
		49030B402895B4200068C4F3 /* PBXContainerItemProxy */ = {
			isa = PBXContainerItemProxy;
			containerPortal = 49030B2D2895B4200068C4F3 /* Project object */;
			proxyType = 1;
			remoteGlobalIDString = 49030B352895B4200068C4F3;
			remoteInfo = EssentialFeed;
		};
		495CABB728B57D8B00C8D10A /* PBXContainerItemProxy */ = {
			isa = PBXContainerItemProxy;
			containerPortal = 49030B2D2895B4200068C4F3 /* Project object */;
			proxyType = 1;
			remoteGlobalIDString = 49030B352895B4200068C4F3;
			remoteInfo = EssentialFeed;
		};
/* End PBXContainerItemProxy section */

/* Begin PBXFileReference section */
		49030B362895B4200068C4F3 /* EssentialFeed.framework */ = {isa = PBXFileReference; explicitFileType = wrapper.framework; includeInIndex = 0; path = EssentialFeed.framework; sourceTree = BUILT_PRODUCTS_DIR; };
		49030B3E2895B4200068C4F3 /* EssentialFeedTests.xctest */ = {isa = PBXFileReference; explicitFileType = wrapper.cfbundle; includeInIndex = 0; path = EssentialFeedTests.xctest; sourceTree = BUILT_PRODUCTS_DIR; };
		49030B4E2895B42D0068C4F3 /* FeedImage.swift */ = {isa = PBXFileReference; lastKnownFileType = sourcecode.swift; path = FeedImage.swift; sourceTree = "<group>"; };
		49030B502895B48C0068C4F3 /* FeedLoader.swift */ = {isa = PBXFileReference; lastKnownFileType = sourcecode.swift; path = FeedLoader.swift; sourceTree = "<group>"; };
		490C176C28A53E07006F3679 /* HTTPClient.swift */ = {isa = PBXFileReference; lastKnownFileType = sourcecode.swift; path = HTTPClient.swift; sourceTree = "<group>"; };
		490C176E28A53E63006F3679 /* FeedItemsMapper.swift */ = {isa = PBXFileReference; lastKnownFileType = sourcecode.swift; path = FeedItemsMapper.swift; sourceTree = "<group>"; };
		4910328A28D0A20C0033814C /* FeedStoreSpy.swift */ = {isa = PBXFileReference; lastKnownFileType = sourcecode.swift; path = FeedStoreSpy.swift; sourceTree = "<group>"; };
		492F2BC6289D496A00D2FE8D /* RemoteFeedLoader.swift */ = {isa = PBXFileReference; lastKnownFileType = sourcecode.swift; path = RemoteFeedLoader.swift; sourceTree = "<group>"; };
		4944545F28C9235000BB4A5A /* CacheFeedUseCaseTests.swift */ = {isa = PBXFileReference; lastKnownFileType = sourcecode.swift; path = CacheFeedUseCaseTests.swift; sourceTree = "<group>"; };
		4955076B289C9F810027142A /* LoadFeedFromRemoteUseCaseTests.swift */ = {isa = PBXFileReference; lastKnownFileType = sourcecode.swift; path = LoadFeedFromRemoteUseCaseTests.swift; sourceTree = "<group>"; };
		495CABB228B57D8B00C8D10A /* EssentialFeedTestsAPIEndToEndTests.xctest */ = {isa = PBXFileReference; explicitFileType = wrapper.cfbundle; includeInIndex = 0; path = EssentialFeedTestsAPIEndToEndTests.xctest; sourceTree = BUILT_PRODUCTS_DIR; };
		495CABB428B57D8B00C8D10A /* EssentialFeedTestsAPIEndToEndTests.swift */ = {isa = PBXFileReference; lastKnownFileType = sourcecode.swift; path = EssentialFeedTestsAPIEndToEndTests.swift; sourceTree = "<group>"; };
		49610C9E28D49C9200B7241D /* ValidateFeedCacheUserCaseTests.swift */ = {isa = PBXFileReference; lastKnownFileType = sourcecode.swift; path = ValidateFeedCacheUserCaseTests.swift; sourceTree = "<group>"; };
		49610CA128D49FCE00B7241D /* FeedCacheTestHelpers.swift */ = {isa = PBXFileReference; lastKnownFileType = sourcecode.swift; path = FeedCacheTestHelpers.swift; sourceTree = "<group>"; };
		49610CA328D4A0FC00B7241D /* SharedTestHelpers.swift */ = {isa = PBXFileReference; lastKnownFileType = sourcecode.swift; path = SharedTestHelpers.swift; sourceTree = "<group>"; };
		496CA9E728D0196D00EF372D /* RemoteFeedItem.swift */ = {isa = PBXFileReference; lastKnownFileType = sourcecode.swift; path = RemoteFeedItem.swift; sourceTree = "<group>"; };
		496CA9E928D019B400EF372D /* LocalFeedImage.swift */ = {isa = PBXFileReference; lastKnownFileType = sourcecode.swift; path = LocalFeedImage.swift; sourceTree = "<group>"; };
		496CA9EB28D0A04400EF372D /* LoadFeedFromCacheUseCaseTests.swift */ = {isa = PBXFileReference; lastKnownFileType = sourcecode.swift; path = LoadFeedFromCacheUseCaseTests.swift; sourceTree = "<group>"; };
		49700FC628CC12760074068C /* LocalFeedLoader.swift */ = {isa = PBXFileReference; lastKnownFileType = sourcecode.swift; path = LocalFeedLoader.swift; sourceTree = "<group>"; };
		49700FC828CC12D10074068C /* FeedStore.swift */ = {isa = PBXFileReference; lastKnownFileType = sourcecode.swift; path = FeedStore.swift; sourceTree = "<group>"; };
		49BB854928B2D99A00EAE320 /* XCTestCase+MemoryLeakTracking.swift */ = {isa = PBXFileReference; lastKnownFileType = sourcecode.swift; path = "XCTestCase+MemoryLeakTracking.swift"; sourceTree = "<group>"; };
		49BB854B28B2EBC700EAE320 /* URLSessionHTTPClient.swift */ = {isa = PBXFileReference; lastKnownFileType = sourcecode.swift; path = URLSessionHTTPClient.swift; sourceTree = "<group>"; };
		49F793B828A9A964004E43A9 /* URLSessionHTTPClientTests.swift */ = {isa = PBXFileReference; lastKnownFileType = sourcecode.swift; path = URLSessionHTTPClientTests.swift; sourceTree = "<group>"; };
/* End PBXFileReference section */

/* Begin PBXFrameworksBuildPhase section */
		49030B332895B4200068C4F3 /* Frameworks */ = {
			isa = PBXFrameworksBuildPhase;
			buildActionMask = 2147483647;
			files = (
			);
			runOnlyForDeploymentPostprocessing = 0;
		};
		49030B3B2895B4200068C4F3 /* Frameworks */ = {
			isa = PBXFrameworksBuildPhase;
			buildActionMask = 2147483647;
			files = (
				49030B3F2895B4200068C4F3 /* EssentialFeed.framework in Frameworks */,
			);
			runOnlyForDeploymentPostprocessing = 0;
		};
		495CABAF28B57D8B00C8D10A /* Frameworks */ = {
			isa = PBXFrameworksBuildPhase;
			buildActionMask = 2147483647;
			files = (
				495CABB628B57D8B00C8D10A /* EssentialFeed.framework in Frameworks */,
			);
			runOnlyForDeploymentPostprocessing = 0;
		};
/* End PBXFrameworksBuildPhase section */

/* Begin PBXGroup section */
		49030B2C2895B4200068C4F3 = {
			isa = PBXGroup;
			children = (
				49030B382895B4200068C4F3 /* EssentialFeed */,
				49030B422895B4200068C4F3 /* EssentialFeedTests */,
				495CABB328B57D8B00C8D10A /* EssentialFeedTestsAPIEndToEndTests */,
				49030B372895B4200068C4F3 /* Products */,
			);
			sourceTree = "<group>";
		};
		49030B372895B4200068C4F3 /* Products */ = {
			isa = PBXGroup;
			children = (
				49030B362895B4200068C4F3 /* EssentialFeed.framework */,
				49030B3E2895B4200068C4F3 /* EssentialFeedTests.xctest */,
				495CABB228B57D8B00C8D10A /* EssentialFeedTestsAPIEndToEndTests.xctest */,
			);
			name = Products;
			sourceTree = "<group>";
		};
		49030B382895B4200068C4F3 /* EssentialFeed */ = {
			isa = PBXGroup;
			children = (
				49700FC528CC12670074068C /* FeedCache */,
				492F2BC5289D495000D2FE8D /* FeedAPI */,
				49030B522895B54A0068C4F3 /* FeedFeature */,
			);
			path = EssentialFeed;
			sourceTree = "<group>";
		};
		49030B422895B4200068C4F3 /* EssentialFeedTests */ = {
			isa = PBXGroup;
			children = (
				4944545E28C9233100BB4A5A /* FeedCache */,
				49BB854828B2D97400EAE320 /* Helper */,
				490C177028A543F7006F3679 /* FeedAPI */,
			);
			path = EssentialFeedTests;
			sourceTree = "<group>";
		};
		49030B522895B54A0068C4F3 /* FeedFeature */ = {
			isa = PBXGroup;
			children = (
				49030B4E2895B42D0068C4F3 /* FeedImage.swift */,
				49030B502895B48C0068C4F3 /* FeedLoader.swift */,
			);
			path = FeedFeature;
			sourceTree = "<group>";
		};
		490C177028A543F7006F3679 /* FeedAPI */ = {
			isa = PBXGroup;
			children = (
				4955076B289C9F810027142A /* LoadFeedFromRemoteUseCaseTests.swift */,
				49F793B828A9A964004E43A9 /* URLSessionHTTPClientTests.swift */,
			);
			path = FeedAPI;
			sourceTree = "<group>";
		};
		492F2BC5289D495000D2FE8D /* FeedAPI */ = {
			isa = PBXGroup;
			children = (
				492F2BC6289D496A00D2FE8D /* RemoteFeedLoader.swift */,
				490C176C28A53E07006F3679 /* HTTPClient.swift */,
				490C176E28A53E63006F3679 /* FeedItemsMapper.swift */,
				49BB854B28B2EBC700EAE320 /* URLSessionHTTPClient.swift */,
				496CA9E728D0196D00EF372D /* RemoteFeedItem.swift */,
			);
			path = FeedAPI;
			sourceTree = "<group>";
		};
		4944545E28C9233100BB4A5A /* FeedCache */ = {
			isa = PBXGroup;
			children = (
				496CA9ED28D0A12700EF372D /* Helpers */,
				4944545F28C9235000BB4A5A /* CacheFeedUseCaseTests.swift */,
				496CA9EB28D0A04400EF372D /* LoadFeedFromCacheUseCaseTests.swift */,
				49610C9E28D49C9200B7241D /* ValidateFeedCacheUserCaseTests.swift */,
			);
			path = FeedCache;
			sourceTree = "<group>";
		};
		495CABB328B57D8B00C8D10A /* EssentialFeedTestsAPIEndToEndTests */ = {
			isa = PBXGroup;
			children = (
				495CABB428B57D8B00C8D10A /* EssentialFeedTestsAPIEndToEndTests.swift */,
			);
			path = EssentialFeedTestsAPIEndToEndTests;
			sourceTree = "<group>";
		};
		496CA9ED28D0A12700EF372D /* Helpers */ = {
			isa = PBXGroup;
			children = (
				4910328A28D0A20C0033814C /* FeedStoreSpy.swift */,
				49610CA128D49FCE00B7241D /* FeedCacheTestHelpers.swift */,
			);
			path = Helpers;
			sourceTree = "<group>";
		};
		49700FC528CC12670074068C /* FeedCache */ = {
			isa = PBXGroup;
			children = (
				49700FC628CC12760074068C /* LocalFeedLoader.swift */,
				49700FC828CC12D10074068C /* FeedStore.swift */,
				496CA9E928D019B400EF372D /* LocalFeedImage.swift */,
			);
			path = FeedCache;
			sourceTree = "<group>";
		};
		49BB854828B2D97400EAE320 /* Helper */ = {
			isa = PBXGroup;
			children = (
				49BB854928B2D99A00EAE320 /* XCTestCase+MemoryLeakTracking.swift */,
				49610CA328D4A0FC00B7241D /* SharedTestHelpers.swift */,
			);
			path = Helper;
			sourceTree = "<group>";
		};
/* End PBXGroup section */

/* Begin PBXHeadersBuildPhase section */
		49030B312895B4200068C4F3 /* Headers */ = {
			isa = PBXHeadersBuildPhase;
			buildActionMask = 2147483647;
			files = (
			);
			runOnlyForDeploymentPostprocessing = 0;
		};
/* End PBXHeadersBuildPhase section */

/* Begin PBXNativeTarget section */
		49030B352895B4200068C4F3 /* EssentialFeed */ = {
			isa = PBXNativeTarget;
			buildConfigurationList = 49030B482895B4200068C4F3 /* Build configuration list for PBXNativeTarget "EssentialFeed" */;
			buildPhases = (
				49030B312895B4200068C4F3 /* Headers */,
				49030B322895B4200068C4F3 /* Sources */,
				49030B332895B4200068C4F3 /* Frameworks */,
				49030B342895B4200068C4F3 /* Resources */,
			);
			buildRules = (
			);
			dependencies = (
			);
			name = EssentialFeed;
			productName = EssentialFeed;
			productReference = 49030B362895B4200068C4F3 /* EssentialFeed.framework */;
			productType = "com.apple.product-type.framework";
		};
		49030B3D2895B4200068C4F3 /* EssentialFeedTests */ = {
			isa = PBXNativeTarget;
			buildConfigurationList = 49030B4B2895B4200068C4F3 /* Build configuration list for PBXNativeTarget "EssentialFeedTests" */;
			buildPhases = (
				49030B3A2895B4200068C4F3 /* Sources */,
				49030B3B2895B4200068C4F3 /* Frameworks */,
				49030B3C2895B4200068C4F3 /* Resources */,
			);
			buildRules = (
			);
			dependencies = (
				49030B412895B4200068C4F3 /* PBXTargetDependency */,
			);
			name = EssentialFeedTests;
			productName = EssentialFeedTests;
			productReference = 49030B3E2895B4200068C4F3 /* EssentialFeedTests.xctest */;
			productType = "com.apple.product-type.bundle.unit-test";
		};
		495CABB128B57D8B00C8D10A /* EssentialFeedTestsAPIEndToEndTests */ = {
			isa = PBXNativeTarget;
			buildConfigurationList = 495CABBB28B57D8B00C8D10A /* Build configuration list for PBXNativeTarget "EssentialFeedTestsAPIEndToEndTests" */;
			buildPhases = (
				495CABAE28B57D8B00C8D10A /* Sources */,
				495CABAF28B57D8B00C8D10A /* Frameworks */,
				495CABB028B57D8B00C8D10A /* Resources */,
			);
			buildRules = (
			);
			dependencies = (
				495CABB828B57D8B00C8D10A /* PBXTargetDependency */,
			);
			name = EssentialFeedTestsAPIEndToEndTests;
			productName = EssentialFeedTestsAPIEndToEndTests;
			productReference = 495CABB228B57D8B00C8D10A /* EssentialFeedTestsAPIEndToEndTests.xctest */;
			productType = "com.apple.product-type.bundle.unit-test";
		};
/* End PBXNativeTarget section */

/* Begin PBXProject section */
		49030B2D2895B4200068C4F3 /* Project object */ = {
			isa = PBXProject;
			attributes = {
				BuildIndependentTargetsInParallel = 1;
				LastSwiftUpdateCheck = 1400;
				LastUpgradeCheck = 1400;
				TargetAttributes = {
					49030B352895B4200068C4F3 = {
						CreatedOnToolsVersion = 14.0;
						LastSwiftMigration = 1400;
					};
					49030B3D2895B4200068C4F3 = {
						CreatedOnToolsVersion = 14.0;
					};
					495CABB128B57D8B00C8D10A = {
						CreatedOnToolsVersion = 14.0;
					};
				};
			};
			buildConfigurationList = 49030B302895B4200068C4F3 /* Build configuration list for PBXProject "EssentialFeed" */;
			compatibilityVersion = "Xcode 13.0";
			developmentRegion = en;
			hasScannedForEncodings = 0;
			knownRegions = (
				en,
				Base,
			);
			mainGroup = 49030B2C2895B4200068C4F3;
			productRefGroup = 49030B372895B4200068C4F3 /* Products */;
			projectDirPath = "";
			projectRoot = "";
			targets = (
				49030B352895B4200068C4F3 /* EssentialFeed */,
				49030B3D2895B4200068C4F3 /* EssentialFeedTests */,
				495CABB128B57D8B00C8D10A /* EssentialFeedTestsAPIEndToEndTests */,
			);
		};
/* End PBXProject section */

/* Begin PBXResourcesBuildPhase section */
		49030B342895B4200068C4F3 /* Resources */ = {
			isa = PBXResourcesBuildPhase;
			buildActionMask = 2147483647;
			files = (
			);
			runOnlyForDeploymentPostprocessing = 0;
		};
		49030B3C2895B4200068C4F3 /* Resources */ = {
			isa = PBXResourcesBuildPhase;
			buildActionMask = 2147483647;
			files = (
			);
			runOnlyForDeploymentPostprocessing = 0;
		};
		495CABB028B57D8B00C8D10A /* Resources */ = {
			isa = PBXResourcesBuildPhase;
			buildActionMask = 2147483647;
			files = (
			);
			runOnlyForDeploymentPostprocessing = 0;
		};
/* End PBXResourcesBuildPhase section */

/* Begin PBXSourcesBuildPhase section */
		49030B322895B4200068C4F3 /* Sources */ = {
			isa = PBXSourcesBuildPhase;
			buildActionMask = 2147483647;
			files = (
				490C176F28A53E63006F3679 /* FeedItemsMapper.swift in Sources */,
				49030B512895B48C0068C4F3 /* FeedLoader.swift in Sources */,
				496CA9E828D0196D00EF372D /* RemoteFeedItem.swift in Sources */,
				492F2BC7289D496A00D2FE8D /* RemoteFeedLoader.swift in Sources */,
				496CA9EA28D019B400EF372D /* LocalFeedImage.swift in Sources */,
				49700FC928CC12D10074068C /* FeedStore.swift in Sources */,
				49700FC728CC12760074068C /* LocalFeedLoader.swift in Sources */,
				490C176D28A53E07006F3679 /* HTTPClient.swift in Sources */,
				49030B4F2895B42D0068C4F3 /* FeedImage.swift in Sources */,
				49BB854C28B2EBC700EAE320 /* URLSessionHTTPClient.swift in Sources */,
			);
			runOnlyForDeploymentPostprocessing = 0;
		};
		49030B3A2895B4200068C4F3 /* Sources */ = {
			isa = PBXSourcesBuildPhase;
			buildActionMask = 2147483647;
			files = (
				49610CA228D49FCE00B7241D /* FeedCacheTestHelpers.swift in Sources */,
				49610CA028D49CA000B7241D /* ValidateFeedCacheUserCaseTests.swift in Sources */,
				4955076C289C9F810027142A /* LoadFeedFromRemoteUseCaseTests.swift in Sources */,
				49F793B928A9A964004E43A9 /* URLSessionHTTPClientTests.swift in Sources */,
				4910328B28D0A20C0033814C /* FeedStoreSpy.swift in Sources */,
				49610CA428D4A0FC00B7241D /* SharedTestHelpers.swift in Sources */,
				4944546028C9235000BB4A5A /* CacheFeedUseCaseTests.swift in Sources */,
				496CA9EC28D0A04400EF372D /* LoadFeedFromCacheUseCaseTests.swift in Sources */,
				49BB854A28B2D99A00EAE320 /* XCTestCase+MemoryLeakTracking.swift in Sources */,
			);
			runOnlyForDeploymentPostprocessing = 0;
		};
		495CABAE28B57D8B00C8D10A /* Sources */ = {
			isa = PBXSourcesBuildPhase;
			buildActionMask = 2147483647;
			files = (
				495CABB528B57D8B00C8D10A /* EssentialFeedTestsAPIEndToEndTests.swift in Sources */,
				495CABBC28B580ED00C8D10A /* XCTestCase+MemoryLeakTracking.swift in Sources */,
			);
			runOnlyForDeploymentPostprocessing = 0;
		};
/* End PBXSourcesBuildPhase section */

/* Begin PBXTargetDependency section */
		49030B412895B4200068C4F3 /* PBXTargetDependency */ = {
			isa = PBXTargetDependency;
			target = 49030B352895B4200068C4F3 /* EssentialFeed */;
			targetProxy = 49030B402895B4200068C4F3 /* PBXContainerItemProxy */;
		};
		495CABB828B57D8B00C8D10A /* PBXTargetDependency */ = {
			isa = PBXTargetDependency;
			target = 49030B352895B4200068C4F3 /* EssentialFeed */;
			targetProxy = 495CABB728B57D8B00C8D10A /* PBXContainerItemProxy */;
		};
/* End PBXTargetDependency section */

/* Begin XCBuildConfiguration section */
		49030B462895B4200068C4F3 /* Debug */ = {
			isa = XCBuildConfiguration;
			buildSettings = {
				ALWAYS_SEARCH_USER_PATHS = NO;
				CLANG_ANALYZER_NONNULL = YES;
				CLANG_ANALYZER_NUMBER_OBJECT_CONVERSION = YES_AGGRESSIVE;
				CLANG_CXX_LANGUAGE_STANDARD = "gnu++20";
				CLANG_ENABLE_MODULES = YES;
				CLANG_ENABLE_OBJC_ARC = YES;
				CLANG_ENABLE_OBJC_WEAK = YES;
				CLANG_WARN_BLOCK_CAPTURE_AUTORELEASING = YES;
				CLANG_WARN_BOOL_CONVERSION = YES;
				CLANG_WARN_COMMA = YES;
				CLANG_WARN_CONSTANT_CONVERSION = YES;
				CLANG_WARN_DEPRECATED_OBJC_IMPLEMENTATIONS = YES;
				CLANG_WARN_DIRECT_OBJC_ISA_USAGE = YES_ERROR;
				CLANG_WARN_DOCUMENTATION_COMMENTS = YES;
				CLANG_WARN_EMPTY_BODY = YES;
				CLANG_WARN_ENUM_CONVERSION = YES;
				CLANG_WARN_INFINITE_RECURSION = YES;
				CLANG_WARN_INT_CONVERSION = YES;
				CLANG_WARN_NON_LITERAL_NULL_CONVERSION = YES;
				CLANG_WARN_OBJC_IMPLICIT_RETAIN_SELF = YES;
				CLANG_WARN_OBJC_LITERAL_CONVERSION = YES;
				CLANG_WARN_OBJC_ROOT_CLASS = YES_ERROR;
				CLANG_WARN_QUOTED_INCLUDE_IN_FRAMEWORK_HEADER = YES;
				CLANG_WARN_RANGE_LOOP_ANALYSIS = YES;
				CLANG_WARN_STRICT_PROTOTYPES = YES;
				CLANG_WARN_SUSPICIOUS_MOVE = YES;
				CLANG_WARN_UNGUARDED_AVAILABILITY = YES_AGGRESSIVE;
				CLANG_WARN_UNREACHABLE_CODE = YES;
				CLANG_WARN__DUPLICATE_METHOD_MATCH = YES;
				COPY_PHASE_STRIP = NO;
				CURRENT_PROJECT_VERSION = 1;
				DEBUG_INFORMATION_FORMAT = dwarf;
				ENABLE_STRICT_OBJC_MSGSEND = YES;
				ENABLE_TESTABILITY = YES;
				GCC_C_LANGUAGE_STANDARD = gnu11;
				GCC_DYNAMIC_NO_PIC = NO;
				GCC_NO_COMMON_BLOCKS = YES;
				GCC_OPTIMIZATION_LEVEL = 0;
				GCC_PREPROCESSOR_DEFINITIONS = (
					"DEBUG=1",
					"$(inherited)",
				);
				GCC_WARN_64_TO_32_BIT_CONVERSION = YES;
				GCC_WARN_ABOUT_RETURN_TYPE = YES_ERROR;
				GCC_WARN_UNDECLARED_SELECTOR = YES;
				GCC_WARN_UNINITIALIZED_AUTOS = YES_AGGRESSIVE;
				GCC_WARN_UNUSED_FUNCTION = YES;
				GCC_WARN_UNUSED_VARIABLE = YES;
				MACOSX_DEPLOYMENT_TARGET = 12.3;
				MTL_ENABLE_DEBUG_INFO = INCLUDE_SOURCE;
				MTL_FAST_MATH = YES;
				ONLY_ACTIVE_ARCH = YES;
				SDKROOT = macosx;
				SWIFT_ACTIVE_COMPILATION_CONDITIONS = DEBUG;
				SWIFT_OPTIMIZATION_LEVEL = "-Onone";
				VERSIONING_SYSTEM = "apple-generic";
				VERSION_INFO_PREFIX = "";
			};
			name = Debug;
		};
		49030B472895B4200068C4F3 /* Release */ = {
			isa = XCBuildConfiguration;
			buildSettings = {
				ALWAYS_SEARCH_USER_PATHS = NO;
				CLANG_ANALYZER_NONNULL = YES;
				CLANG_ANALYZER_NUMBER_OBJECT_CONVERSION = YES_AGGRESSIVE;
				CLANG_CXX_LANGUAGE_STANDARD = "gnu++20";
				CLANG_ENABLE_MODULES = YES;
				CLANG_ENABLE_OBJC_ARC = YES;
				CLANG_ENABLE_OBJC_WEAK = YES;
				CLANG_WARN_BLOCK_CAPTURE_AUTORELEASING = YES;
				CLANG_WARN_BOOL_CONVERSION = YES;
				CLANG_WARN_COMMA = YES;
				CLANG_WARN_CONSTANT_CONVERSION = YES;
				CLANG_WARN_DEPRECATED_OBJC_IMPLEMENTATIONS = YES;
				CLANG_WARN_DIRECT_OBJC_ISA_USAGE = YES_ERROR;
				CLANG_WARN_DOCUMENTATION_COMMENTS = YES;
				CLANG_WARN_EMPTY_BODY = YES;
				CLANG_WARN_ENUM_CONVERSION = YES;
				CLANG_WARN_INFINITE_RECURSION = YES;
				CLANG_WARN_INT_CONVERSION = YES;
				CLANG_WARN_NON_LITERAL_NULL_CONVERSION = YES;
				CLANG_WARN_OBJC_IMPLICIT_RETAIN_SELF = YES;
				CLANG_WARN_OBJC_LITERAL_CONVERSION = YES;
				CLANG_WARN_OBJC_ROOT_CLASS = YES_ERROR;
				CLANG_WARN_QUOTED_INCLUDE_IN_FRAMEWORK_HEADER = YES;
				CLANG_WARN_RANGE_LOOP_ANALYSIS = YES;
				CLANG_WARN_STRICT_PROTOTYPES = YES;
				CLANG_WARN_SUSPICIOUS_MOVE = YES;
				CLANG_WARN_UNGUARDED_AVAILABILITY = YES_AGGRESSIVE;
				CLANG_WARN_UNREACHABLE_CODE = YES;
				CLANG_WARN__DUPLICATE_METHOD_MATCH = YES;
				COPY_PHASE_STRIP = NO;
				CURRENT_PROJECT_VERSION = 1;
				DEBUG_INFORMATION_FORMAT = "dwarf-with-dsym";
				ENABLE_NS_ASSERTIONS = NO;
				ENABLE_STRICT_OBJC_MSGSEND = YES;
				GCC_C_LANGUAGE_STANDARD = gnu11;
				GCC_NO_COMMON_BLOCKS = YES;
				GCC_WARN_64_TO_32_BIT_CONVERSION = YES;
				GCC_WARN_ABOUT_RETURN_TYPE = YES_ERROR;
				GCC_WARN_UNDECLARED_SELECTOR = YES;
				GCC_WARN_UNINITIALIZED_AUTOS = YES_AGGRESSIVE;
				GCC_WARN_UNUSED_FUNCTION = YES;
				GCC_WARN_UNUSED_VARIABLE = YES;
				MACOSX_DEPLOYMENT_TARGET = 12.3;
				MTL_ENABLE_DEBUG_INFO = NO;
				MTL_FAST_MATH = YES;
				SDKROOT = macosx;
				SWIFT_COMPILATION_MODE = wholemodule;
				SWIFT_OPTIMIZATION_LEVEL = "-O";
				VERSIONING_SYSTEM = "apple-generic";
				VERSION_INFO_PREFIX = "";
			};
			name = Release;
		};
		49030B492895B4200068C4F3 /* Debug */ = {
			isa = XCBuildConfiguration;
			buildSettings = {
				CLANG_ENABLE_MODULES = YES;
				CODE_SIGN_STYLE = Automatic;
				COMBINE_HIDPI_IMAGES = YES;
				CURRENT_PROJECT_VERSION = 1;
				DEFINES_MODULE = YES;
				DEVELOPMENT_TEAM = Q2RDGDL32L;
				DYLIB_COMPATIBILITY_VERSION = 1;
				DYLIB_CURRENT_VERSION = 1;
				DYLIB_INSTALL_NAME_BASE = "@rpath";
				GENERATE_INFOPLIST_FILE = YES;
				INFOPLIST_KEY_NSHumanReadableCopyright = "";
				INSTALL_PATH = "$(LOCAL_LIBRARY_DIR)/Frameworks";
				LD_RUNPATH_SEARCH_PATHS = (
					"$(inherited)",
					"@executable_path/../Frameworks",
					"@loader_path/Frameworks",
				);
				MARKETING_VERSION = 1.0;
				PRODUCT_BUNDLE_IDENTIFIER = vitor.EssentialFeed;
				PRODUCT_NAME = "$(TARGET_NAME:c99extidentifier)";
				SKIP_INSTALL = YES;
				SWIFT_EMIT_LOC_STRINGS = YES;
				SWIFT_OPTIMIZATION_LEVEL = "-Onone";
				SWIFT_VERSION = 5.0;
			};
			name = Debug;
		};
		49030B4A2895B4200068C4F3 /* Release */ = {
			isa = XCBuildConfiguration;
			buildSettings = {
				CLANG_ENABLE_MODULES = YES;
				CODE_SIGN_STYLE = Automatic;
				COMBINE_HIDPI_IMAGES = YES;
				CURRENT_PROJECT_VERSION = 1;
				DEFINES_MODULE = YES;
				DEVELOPMENT_TEAM = Q2RDGDL32L;
				DYLIB_COMPATIBILITY_VERSION = 1;
				DYLIB_CURRENT_VERSION = 1;
				DYLIB_INSTALL_NAME_BASE = "@rpath";
				GENERATE_INFOPLIST_FILE = YES;
				INFOPLIST_KEY_NSHumanReadableCopyright = "";
				INSTALL_PATH = "$(LOCAL_LIBRARY_DIR)/Frameworks";
				LD_RUNPATH_SEARCH_PATHS = (
					"$(inherited)",
					"@executable_path/../Frameworks",
					"@loader_path/Frameworks",
				);
				MARKETING_VERSION = 1.0;
				PRODUCT_BUNDLE_IDENTIFIER = vitor.EssentialFeed;
				PRODUCT_NAME = "$(TARGET_NAME:c99extidentifier)";
				SKIP_INSTALL = YES;
				SWIFT_EMIT_LOC_STRINGS = YES;
				SWIFT_VERSION = 5.0;
			};
			name = Release;
		};
		49030B4C2895B4200068C4F3 /* Debug */ = {
			isa = XCBuildConfiguration;
			buildSettings = {
				ALWAYS_EMBED_SWIFT_STANDARD_LIBRARIES = YES;
				CODE_SIGN_STYLE = Automatic;
				CURRENT_PROJECT_VERSION = 1;
				DEVELOPMENT_TEAM = Q2RDGDL32L;
				GENERATE_INFOPLIST_FILE = YES;
				MARKETING_VERSION = 1.0;
				PRODUCT_BUNDLE_IDENTIFIER = vitor.EssentialFeedTests;
				PRODUCT_NAME = "$(TARGET_NAME)";
				SWIFT_EMIT_LOC_STRINGS = NO;
				SWIFT_VERSION = 5.0;
			};
			name = Debug;
		};
		49030B4D2895B4200068C4F3 /* Release */ = {
			isa = XCBuildConfiguration;
			buildSettings = {
				ALWAYS_EMBED_SWIFT_STANDARD_LIBRARIES = YES;
				CODE_SIGN_STYLE = Automatic;
				CURRENT_PROJECT_VERSION = 1;
				DEVELOPMENT_TEAM = Q2RDGDL32L;
				GENERATE_INFOPLIST_FILE = YES;
				MARKETING_VERSION = 1.0;
				PRODUCT_BUNDLE_IDENTIFIER = vitor.EssentialFeedTests;
				PRODUCT_NAME = "$(TARGET_NAME)";
				SWIFT_EMIT_LOC_STRINGS = NO;
				SWIFT_VERSION = 5.0;
			};
			name = Release;
		};
		495CABB928B57D8B00C8D10A /* Debug */ = {
			isa = XCBuildConfiguration;
			buildSettings = {
				CODE_SIGN_STYLE = Automatic;
				CURRENT_PROJECT_VERSION = 1;
				DEVELOPMENT_TEAM = Q2RDGDL32L;
				GENERATE_INFOPLIST_FILE = YES;
				MARKETING_VERSION = 1.0;
				PRODUCT_BUNDLE_IDENTIFIER = vitor.EssentialFeedTestsAPIEndToEndTests;
				PRODUCT_NAME = "$(TARGET_NAME)";
				SWIFT_EMIT_LOC_STRINGS = NO;
				SWIFT_VERSION = 5.0;
			};
			name = Debug;
		};
		495CABBA28B57D8B00C8D10A /* Release */ = {
			isa = XCBuildConfiguration;
			buildSettings = {
				CODE_SIGN_STYLE = Automatic;
				CURRENT_PROJECT_VERSION = 1;
				DEVELOPMENT_TEAM = Q2RDGDL32L;
				GENERATE_INFOPLIST_FILE = YES;
				MARKETING_VERSION = 1.0;
				PRODUCT_BUNDLE_IDENTIFIER = vitor.EssentialFeedTestsAPIEndToEndTests;
				PRODUCT_NAME = "$(TARGET_NAME)";
				SWIFT_EMIT_LOC_STRINGS = NO;
				SWIFT_VERSION = 5.0;
			};
			name = Release;
		};
/* End XCBuildConfiguration section */

/* Begin XCConfigurationList section */
		49030B302895B4200068C4F3 /* Build configuration list for PBXProject "EssentialFeed" */ = {
			isa = XCConfigurationList;
			buildConfigurations = (
				49030B462895B4200068C4F3 /* Debug */,
				49030B472895B4200068C4F3 /* Release */,
			);
			defaultConfigurationIsVisible = 0;
			defaultConfigurationName = Release;
		};
		49030B482895B4200068C4F3 /* Build configuration list for PBXNativeTarget "EssentialFeed" */ = {
			isa = XCConfigurationList;
			buildConfigurations = (
				49030B492895B4200068C4F3 /* Debug */,
				49030B4A2895B4200068C4F3 /* Release */,
			);
			defaultConfigurationIsVisible = 0;
			defaultConfigurationName = Release;
		};
		49030B4B2895B4200068C4F3 /* Build configuration list for PBXNativeTarget "EssentialFeedTests" */ = {
			isa = XCConfigurationList;
			buildConfigurations = (
				49030B4C2895B4200068C4F3 /* Debug */,
				49030B4D2895B4200068C4F3 /* Release */,
			);
			defaultConfigurationIsVisible = 0;
			defaultConfigurationName = Release;
		};
		495CABBB28B57D8B00C8D10A /* Build configuration list for PBXNativeTarget "EssentialFeedTestsAPIEndToEndTests" */ = {
			isa = XCConfigurationList;
			buildConfigurations = (
				495CABB928B57D8B00C8D10A /* Debug */,
				495CABBA28B57D8B00C8D10A /* Release */,
			);
			defaultConfigurationIsVisible = 0;
			defaultConfigurationName = Release;
		};
/* End XCConfigurationList section */
	};
	rootObject = 49030B2D2895B4200068C4F3 /* Project object */;
}
