// !$*UTF8*$!
{
	archiveVersion = 1;
	classes = {
	};
	objectVersion = 55;
	objects = {

/* Begin PBXBuildFile section */
		4970F0D629187C7900DAC2A5 /* AppDelegate.swift in Sources */ = {isa = PBXBuildFile; fileRef = 4970F0D529187C7900DAC2A5 /* AppDelegate.swift */; };
		4970F0D829187C7900DAC2A5 /* SceneDelegate.swift in Sources */ = {isa = PBXBuildFile; fileRef = 4970F0D729187C7900DAC2A5 /* SceneDelegate.swift */; };
		4970F0DA29187C7900DAC2A5 /* ViewController.swift in Sources */ = {isa = PBXBuildFile; fileRef = 4970F0D929187C7900DAC2A5 /* ViewController.swift */; };
		4970F0DD29187C7900DAC2A5 /* Main.storyboard in Resources */ = {isa = PBXBuildFile; fileRef = 4970F0DB29187C7900DAC2A5 /* Main.storyboard */; };
		4970F0DF29187C7B00DAC2A5 /* Assets.xcassets in Resources */ = {isa = PBXBuildFile; fileRef = 4970F0DE29187C7B00DAC2A5 /* Assets.xcassets */; };
		4970F0E229187C7B00DAC2A5 /* LaunchScreen.storyboard in Resources */ = {isa = PBXBuildFile; fileRef = 4970F0E029187C7B00DAC2A5 /* LaunchScreen.storyboard */; };
		4970F0ED29187C7C00DAC2A5 /* EssentialAppTests.swift in Sources */ = {isa = PBXBuildFile; fileRef = 4970F0EC29187C7C00DAC2A5 /* EssentialAppTests.swift */; };
		498EB7842944FF8D00D1F08D /* FeedImageDataLoaderDecorator.swift in Sources */ = {isa = PBXBuildFile; fileRef = 498EB7832944FF8D00D1F08D /* FeedImageDataLoaderDecorator.swift */; };
		498EB788294501FB00D1F08D /* FeedImageDataLoaderDecoratorTests.swift in Sources */ = {isa = PBXBuildFile; fileRef = 498EB787294501FB00D1F08D /* FeedImageDataLoaderDecoratorTests.swift */; };
		498EB78A2945050900D1F08D /* DataLoaderSpy.swift in Sources */ = {isa = PBXBuildFile; fileRef = 498EB7892945050900D1F08D /* DataLoaderSpy.swift */; };
		498EB78C29450AF500D1F08D /* XCTestCase+FeedImageDataLoader.swift in Sources */ = {isa = PBXBuildFile; fileRef = 498EB78B29450AF500D1F08D /* XCTestCase+FeedImageDataLoader.swift */; };
		49A339862924436100F8FFC8 /* FeedImageDataLoaderWithFallbackComposite.swift in Sources */ = {isa = PBXBuildFile; fileRef = 49A339852924436100F8FFC8 /* FeedImageDataLoaderWithFallbackComposite.swift */; };
		49A3398B29244B3300F8FFC8 /* XCTestCase+MemoryLeakTracking.swift in Sources */ = {isa = PBXBuildFile; fileRef = 49A3398A29244B3300F8FFC8 /* XCTestCase+MemoryLeakTracking.swift */; };
		49A3398D29244B8000F8FFC8 /* SharedTestHelpers.swift in Sources */ = {isa = PBXBuildFile; fileRef = 49A3398C29244B8000F8FFC8 /* SharedTestHelpers.swift */; };
		49ACD74E293D69CF00892C2E /* FeedLoaderCacheDecoratorTests.swift in Sources */ = {isa = PBXBuildFile; fileRef = 49ACD74D293D69CF00892C2E /* FeedLoaderCacheDecoratorTests.swift */; };
		49ACD750293D6B9A00892C2E /* FeedLoaderStub.swift in Sources */ = {isa = PBXBuildFile; fileRef = 49ACD74F293D6B9A00892C2E /* FeedLoaderStub.swift */; };
		49ACD752293D6CFA00892C2E /* XCTestCase+FeedLoader.swift in Sources */ = {isa = PBXBuildFile; fileRef = 49ACD751293D6CFA00892C2E /* XCTestCase+FeedLoader.swift */; };
		49C2B06D2955FAE800659BEC /* EssentialFeedAPI.framework in Frameworks */ = {isa = PBXBuildFile; fileRef = 49C2B06C2955FAE800659BEC /* EssentialFeedAPI.framework */; };
		49C2B06E2955FAE800659BEC /* EssentialFeedAPI.framework in Embed Frameworks */ = {isa = PBXBuildFile; fileRef = 49C2B06C2955FAE800659BEC /* EssentialFeedAPI.framework */; settings = {ATTRIBUTES = (CodeSignOnCopy, RemoveHeadersOnCopy, ); }; };
		49DEE6CD29467FD70093ACA1 /* SceneDelegateTests.swift in Sources */ = {isa = PBXBuildFile; fileRef = 49DEE6CC29467FD70093ACA1 /* SceneDelegateTests.swift */; };
		49DEE6D0294682D50093ACA1 /* FeedUIComposer.swift in Sources */ = {isa = PBXBuildFile; fileRef = 49DEE6CE294682D50093ACA1 /* FeedUIComposer.swift */; };
		49DEE6D1294682D50093ACA1 /* MainQueueDispatchDecorator.swift in Sources */ = {isa = PBXBuildFile; fileRef = 49DEE6CF294682D50093ACA1 /* MainQueueDispatchDecorator.swift */; };
		49DEE6D3294683260093ACA1 /* FeedUIIntegrationTests.swift in Sources */ = {isa = PBXBuildFile; fileRef = 49DEE6D2294683260093ACA1 /* FeedUIIntegrationTests.swift */; };
		49DEE6D7294684B50093ACA1 /* FeedViewController+Localization.swift in Sources */ = {isa = PBXBuildFile; fileRef = 49DEE6D5294684B50093ACA1 /* FeedViewController+Localization.swift */; };
		49DEE6DD294685D20093ACA1 /* FeedAcceptanceTests.swift in Sources */ = {isa = PBXBuildFile; fileRef = 49DEE6DC294685D20093ACA1 /* FeedAcceptanceTests.swift */; };
		49DEE6DF29468D520093ACA1 /* HTTPClientStub.swift in Sources */ = {isa = PBXBuildFile; fileRef = 49DEE6DE29468D520093ACA1 /* HTTPClientStub.swift */; };
		49DEE6E129468D820093ACA1 /* InMemoryFeedStore.swift in Sources */ = {isa = PBXBuildFile; fileRef = 49DEE6E029468D820093ACA1 /* InMemoryFeedStore.swift */; };
		49F6A45D2918840400D9901B /* EssentialFeed.framework in Frameworks */ = {isa = PBXBuildFile; fileRef = 49F6A45B2918840400D9901B /* EssentialFeed.framework */; };
		49F6A45E2918840400D9901B /* EssentialFeed.framework in Embed Frameworks */ = {isa = PBXBuildFile; fileRef = 49F6A45B2918840400D9901B /* EssentialFeed.framework */; settings = {ATTRIBUTES = (CodeSignOnCopy, RemoveHeadersOnCopy, ); }; };
		49F6A45F2918840400D9901B /* EssentialFeediOS.framework in Frameworks */ = {isa = PBXBuildFile; fileRef = 49F6A45C2918840400D9901B /* EssentialFeediOS.framework */; };
		49F6A4602918840400D9901B /* EssentialFeediOS.framework in Embed Frameworks */ = {isa = PBXBuildFile; fileRef = 49F6A45C2918840400D9901B /* EssentialFeediOS.framework */; settings = {ATTRIBUTES = (CodeSignOnCopy, RemoveHeadersOnCopy, ); }; };
/* End PBXBuildFile section */

/* Begin PBXContainerItemProxy section */
		4970F0E929187C7C00DAC2A5 /* PBXContainerItemProxy */ = {
			isa = PBXContainerItemProxy;
			containerPortal = 4970F0CA29187C7900DAC2A5 /* Project object */;
			proxyType = 1;
			remoteGlobalIDString = 4970F0D129187C7900DAC2A5;
			remoteInfo = EssentialApp;
		};
		4970F0F329187C7C00DAC2A5 /* PBXContainerItemProxy */ = {
			isa = PBXContainerItemProxy;
			containerPortal = 4970F0CA29187C7900DAC2A5 /* Project object */;
			proxyType = 1;
			remoteGlobalIDString = 4970F0D129187C7900DAC2A5;
			remoteInfo = EssentialApp;
		};
		498EB79729450BC600D1F08D /* PBXContainerItemProxy */ = {
			isa = PBXContainerItemProxy;
			containerPortal = 4970F0CA29187C7900DAC2A5 /* Project object */;
			proxyType = 1;
			remoteGlobalIDString = 4970F0D129187C7900DAC2A5;
			remoteInfo = EssentialApp;
		};
/* End PBXContainerItemProxy section */

/* Begin PBXCopyFilesBuildPhase section */
		49F6A4612918840400D9901B /* Embed Frameworks */ = {
			isa = PBXCopyFilesBuildPhase;
			buildActionMask = 2147483647;
			dstPath = "";
			dstSubfolderSpec = 10;
			files = (
				49C2B06E2955FAE800659BEC /* EssentialFeedAPI.framework in Embed Frameworks */,
				49F6A45E2918840400D9901B /* EssentialFeed.framework in Embed Frameworks */,
				49F6A4602918840400D9901B /* EssentialFeediOS.framework in Embed Frameworks */,
			);
			name = "Embed Frameworks";
			runOnlyForDeploymentPostprocessing = 0;
		};
/* End PBXCopyFilesBuildPhase section */

/* Begin PBXFileReference section */
		4970F0D229187C7900DAC2A5 /* EssentialApp.app */ = {isa = PBXFileReference; explicitFileType = wrapper.application; includeInIndex = 0; path = EssentialApp.app; sourceTree = BUILT_PRODUCTS_DIR; };
		4970F0D529187C7900DAC2A5 /* AppDelegate.swift */ = {isa = PBXFileReference; lastKnownFileType = sourcecode.swift; path = AppDelegate.swift; sourceTree = "<group>"; };
		4970F0D729187C7900DAC2A5 /* SceneDelegate.swift */ = {isa = PBXFileReference; lastKnownFileType = sourcecode.swift; path = SceneDelegate.swift; sourceTree = "<group>"; };
		4970F0D929187C7900DAC2A5 /* ViewController.swift */ = {isa = PBXFileReference; lastKnownFileType = sourcecode.swift; path = ViewController.swift; sourceTree = "<group>"; };
		4970F0DC29187C7900DAC2A5 /* Base */ = {isa = PBXFileReference; lastKnownFileType = file.storyboard; name = Base; path = Base.lproj/Main.storyboard; sourceTree = "<group>"; };
		4970F0DE29187C7B00DAC2A5 /* Assets.xcassets */ = {isa = PBXFileReference; lastKnownFileType = folder.assetcatalog; path = Assets.xcassets; sourceTree = "<group>"; };
		4970F0E129187C7B00DAC2A5 /* Base */ = {isa = PBXFileReference; lastKnownFileType = file.storyboard; name = Base; path = Base.lproj/LaunchScreen.storyboard; sourceTree = "<group>"; };
		4970F0E329187C7B00DAC2A5 /* Info.plist */ = {isa = PBXFileReference; lastKnownFileType = text.plist.xml; path = Info.plist; sourceTree = "<group>"; };
		4970F0E829187C7C00DAC2A5 /* EssentialAppTests.xctest */ = {isa = PBXFileReference; explicitFileType = wrapper.cfbundle; includeInIndex = 0; path = EssentialAppTests.xctest; sourceTree = BUILT_PRODUCTS_DIR; };
		4970F0EC29187C7C00DAC2A5 /* EssentialAppTests.swift */ = {isa = PBXFileReference; lastKnownFileType = sourcecode.swift; path = EssentialAppTests.swift; sourceTree = "<group>"; };
		4970F0F229187C7C00DAC2A5 /* EssentialAppUITests.xctest */ = {isa = PBXFileReference; explicitFileType = wrapper.cfbundle; includeInIndex = 0; path = EssentialAppUITests.xctest; sourceTree = BUILT_PRODUCTS_DIR; };
		498EB7832944FF8D00D1F08D /* FeedImageDataLoaderDecorator.swift */ = {isa = PBXFileReference; lastKnownFileType = sourcecode.swift; path = FeedImageDataLoaderDecorator.swift; sourceTree = "<group>"; };
		498EB787294501FB00D1F08D /* FeedImageDataLoaderDecoratorTests.swift */ = {isa = PBXFileReference; lastKnownFileType = sourcecode.swift; path = FeedImageDataLoaderDecoratorTests.swift; sourceTree = "<group>"; };
		498EB7892945050900D1F08D /* DataLoaderSpy.swift */ = {isa = PBXFileReference; lastKnownFileType = sourcecode.swift; path = DataLoaderSpy.swift; sourceTree = "<group>"; };
		498EB78B29450AF500D1F08D /* XCTestCase+FeedImageDataLoader.swift */ = {isa = PBXFileReference; lastKnownFileType = sourcecode.swift; path = "XCTestCase+FeedImageDataLoader.swift"; sourceTree = "<group>"; };
		498EB79129450BC600D1F08D /* EssentialAppUIAcceptanceTests.xctest */ = {isa = PBXFileReference; explicitFileType = wrapper.cfbundle; includeInIndex = 0; path = EssentialAppUIAcceptanceTests.xctest; sourceTree = BUILT_PRODUCTS_DIR; };
		49A339852924436100F8FFC8 /* FeedImageDataLoaderWithFallbackComposite.swift */ = {isa = PBXFileReference; lastKnownFileType = sourcecode.swift; path = FeedImageDataLoaderWithFallbackComposite.swift; sourceTree = "<group>"; };
		49A3398A29244B3300F8FFC8 /* XCTestCase+MemoryLeakTracking.swift */ = {isa = PBXFileReference; lastKnownFileType = sourcecode.swift; path = "XCTestCase+MemoryLeakTracking.swift"; sourceTree = "<group>"; };
		49A3398C29244B8000F8FFC8 /* SharedTestHelpers.swift */ = {isa = PBXFileReference; lastKnownFileType = sourcecode.swift; path = SharedTestHelpers.swift; sourceTree = "<group>"; };
		49ACD74D293D69CF00892C2E /* FeedLoaderCacheDecoratorTests.swift */ = {isa = PBXFileReference; lastKnownFileType = sourcecode.swift; path = FeedLoaderCacheDecoratorTests.swift; sourceTree = "<group>"; };
		49ACD74F293D6B9A00892C2E /* FeedLoaderStub.swift */ = {isa = PBXFileReference; lastKnownFileType = sourcecode.swift; path = FeedLoaderStub.swift; sourceTree = "<group>"; };
		49ACD751293D6CFA00892C2E /* XCTestCase+FeedLoader.swift */ = {isa = PBXFileReference; lastKnownFileType = sourcecode.swift; path = "XCTestCase+FeedLoader.swift"; sourceTree = "<group>"; };
		49C2B06C2955FAE800659BEC /* EssentialFeedAPI.framework */ = {isa = PBXFileReference; explicitFileType = wrapper.framework; path = EssentialFeedAPI.framework; sourceTree = BUILT_PRODUCTS_DIR; };
		49DEE6CC29467FD70093ACA1 /* SceneDelegateTests.swift */ = {isa = PBXFileReference; lastKnownFileType = sourcecode.swift; path = SceneDelegateTests.swift; sourceTree = "<group>"; };
		49DEE6CE294682D50093ACA1 /* FeedUIComposer.swift */ = {isa = PBXFileReference; lastKnownFileType = sourcecode.swift; path = FeedUIComposer.swift; sourceTree = "<group>"; };
		49DEE6CF294682D50093ACA1 /* MainQueueDispatchDecorator.swift */ = {isa = PBXFileReference; lastKnownFileType = sourcecode.swift; path = MainQueueDispatchDecorator.swift; sourceTree = "<group>"; };
		49DEE6D2294683260093ACA1 /* FeedUIIntegrationTests.swift */ = {isa = PBXFileReference; lastKnownFileType = sourcecode.swift; path = FeedUIIntegrationTests.swift; sourceTree = "<group>"; };
		49DEE6D5294684B50093ACA1 /* FeedViewController+Localization.swift */ = {isa = PBXFileReference; lastKnownFileType = sourcecode.swift; path = "FeedViewController+Localization.swift"; sourceTree = "<group>"; };
		49DEE6DC294685D20093ACA1 /* FeedAcceptanceTests.swift */ = {isa = PBXFileReference; lastKnownFileType = sourcecode.swift; path = FeedAcceptanceTests.swift; sourceTree = "<group>"; };
		49DEE6DE29468D520093ACA1 /* HTTPClientStub.swift */ = {isa = PBXFileReference; lastKnownFileType = sourcecode.swift; path = HTTPClientStub.swift; sourceTree = "<group>"; };
		49DEE6E029468D820093ACA1 /* InMemoryFeedStore.swift */ = {isa = PBXFileReference; lastKnownFileType = sourcecode.swift; path = InMemoryFeedStore.swift; sourceTree = "<group>"; };
		49F6A45B2918840400D9901B /* EssentialFeed.framework */ = {isa = PBXFileReference; explicitFileType = wrapper.framework; path = EssentialFeed.framework; sourceTree = BUILT_PRODUCTS_DIR; };
		49F6A45C2918840400D9901B /* EssentialFeediOS.framework */ = {isa = PBXFileReference; explicitFileType = wrapper.framework; path = EssentialFeediOS.framework; sourceTree = BUILT_PRODUCTS_DIR; };
/* End PBXFileReference section */

/* Begin PBXFrameworksBuildPhase section */
		4970F0CF29187C7900DAC2A5 /* Frameworks */ = {
			isa = PBXFrameworksBuildPhase;
			buildActionMask = 2147483647;
			files = (
				49C2B06D2955FAE800659BEC /* EssentialFeedAPI.framework in Frameworks */,
				49F6A45D2918840400D9901B /* EssentialFeed.framework in Frameworks */,
				49F6A45F2918840400D9901B /* EssentialFeediOS.framework in Frameworks */,
			);
			runOnlyForDeploymentPostprocessing = 0;
		};
		4970F0E529187C7C00DAC2A5 /* Frameworks */ = {
			isa = PBXFrameworksBuildPhase;
			buildActionMask = 2147483647;
			files = (
			);
			runOnlyForDeploymentPostprocessing = 0;
		};
		4970F0EF29187C7C00DAC2A5 /* Frameworks */ = {
			isa = PBXFrameworksBuildPhase;
			buildActionMask = 2147483647;
			files = (
			);
			runOnlyForDeploymentPostprocessing = 0;
		};
		498EB78E29450BC600D1F08D /* Frameworks */ = {
			isa = PBXFrameworksBuildPhase;
			buildActionMask = 2147483647;
			files = (
			);
			runOnlyForDeploymentPostprocessing = 0;
		};
/* End PBXFrameworksBuildPhase section */

/* Begin PBXGroup section */
		4970F0C929187C7900DAC2A5 = {
			isa = PBXGroup;
			children = (
				4970F0D429187C7900DAC2A5 /* EssentialApp */,
				4970F0EB29187C7C00DAC2A5 /* EssentialAppTests */,
				4970F0D329187C7900DAC2A5 /* Products */,
				4970F10529187CED00DAC2A5 /* Frameworks */,
			);
			sourceTree = "<group>";
		};
		4970F0D329187C7900DAC2A5 /* Products */ = {
			isa = PBXGroup;
			children = (
				4970F0D229187C7900DAC2A5 /* EssentialApp.app */,
				4970F0E829187C7C00DAC2A5 /* EssentialAppTests.xctest */,
				4970F0F229187C7C00DAC2A5 /* EssentialAppUITests.xctest */,
				498EB79129450BC600D1F08D /* EssentialAppUIAcceptanceTests.xctest */,
			);
			name = Products;
			sourceTree = "<group>";
		};
		4970F0D429187C7900DAC2A5 /* EssentialApp */ = {
			isa = PBXGroup;
			children = (
				49DEE6CE294682D50093ACA1 /* FeedUIComposer.swift */,
				49DEE6CF294682D50093ACA1 /* MainQueueDispatchDecorator.swift */,
				4970F0D529187C7900DAC2A5 /* AppDelegate.swift */,
				4970F0D729187C7900DAC2A5 /* SceneDelegate.swift */,
				4970F0D929187C7900DAC2A5 /* ViewController.swift */,
				4970F0DB29187C7900DAC2A5 /* Main.storyboard */,
				4970F0DE29187C7B00DAC2A5 /* Assets.xcassets */,
				4970F0E029187C7B00DAC2A5 /* LaunchScreen.storyboard */,
				4970F0E329187C7B00DAC2A5 /* Info.plist */,
				49A339852924436100F8FFC8 /* FeedImageDataLoaderWithFallbackComposite.swift */,
				498EB7832944FF8D00D1F08D /* FeedImageDataLoaderDecorator.swift */,
			);
			path = EssentialApp;
			sourceTree = "<group>";
		};
		4970F0EB29187C7C00DAC2A5 /* EssentialAppTests */ = {
			isa = PBXGroup;
			children = (
				49DEE6D5294684B50093ACA1 /* FeedViewController+Localization.swift */,
				49DEE6D2294683260093ACA1 /* FeedUIIntegrationTests.swift */,
				49A3398929244B2A00F8FFC8 /* Helpers */,
				4970F0EC29187C7C00DAC2A5 /* EssentialAppTests.swift */,
				49ACD74D293D69CF00892C2E /* FeedLoaderCacheDecoratorTests.swift */,
				498EB787294501FB00D1F08D /* FeedImageDataLoaderDecoratorTests.swift */,
				49DEE6CC29467FD70093ACA1 /* SceneDelegateTests.swift */,
				49DEE6DC294685D20093ACA1 /* FeedAcceptanceTests.swift */,
			);
			path = EssentialAppTests;
			sourceTree = "<group>";
		};
		4970F10529187CED00DAC2A5 /* Frameworks */ = {
			isa = PBXGroup;
			children = (
				49C2B06C2955FAE800659BEC /* EssentialFeedAPI.framework */,
				49F6A45B2918840400D9901B /* EssentialFeed.framework */,
				49F6A45C2918840400D9901B /* EssentialFeediOS.framework */,
			);
			name = Frameworks;
			sourceTree = "<group>";
		};
		49A3398929244B2A00F8FFC8 /* Helpers */ = {
			isa = PBXGroup;
			children = (
				49A3398A29244B3300F8FFC8 /* XCTestCase+MemoryLeakTracking.swift */,
				49A3398C29244B8000F8FFC8 /* SharedTestHelpers.swift */,
				49ACD74F293D6B9A00892C2E /* FeedLoaderStub.swift */,
				49ACD751293D6CFA00892C2E /* XCTestCase+FeedLoader.swift */,
				498EB7892945050900D1F08D /* DataLoaderSpy.swift */,
				498EB78B29450AF500D1F08D /* XCTestCase+FeedImageDataLoader.swift */,
				49DEE6DE29468D520093ACA1 /* HTTPClientStub.swift */,
				49DEE6E029468D820093ACA1 /* InMemoryFeedStore.swift */,
			);
			path = Helpers;
			sourceTree = "<group>";
		};
/* End PBXGroup section */

/* Begin PBXNativeTarget section */
		4970F0D129187C7900DAC2A5 /* EssentialApp */ = {
			isa = PBXNativeTarget;
			buildConfigurationList = 4970F0FC29187C7C00DAC2A5 /* Build configuration list for PBXNativeTarget "EssentialApp" */;
			buildPhases = (
				4970F0CE29187C7900DAC2A5 /* Sources */,
				4970F0CF29187C7900DAC2A5 /* Frameworks */,
				4970F0D029187C7900DAC2A5 /* Resources */,
				49F6A4612918840400D9901B /* Embed Frameworks */,
			);
			buildRules = (
			);
			dependencies = (
			);
			name = EssentialApp;
			productName = EssentialApp;
			productReference = 4970F0D229187C7900DAC2A5 /* EssentialApp.app */;
			productType = "com.apple.product-type.application";
		};
		4970F0E729187C7C00DAC2A5 /* EssentialAppTests */ = {
			isa = PBXNativeTarget;
			buildConfigurationList = 4970F0FF29187C7C00DAC2A5 /* Build configuration list for PBXNativeTarget "EssentialAppTests" */;
			buildPhases = (
				4970F0E429187C7C00DAC2A5 /* Sources */,
				4970F0E529187C7C00DAC2A5 /* Frameworks */,
				4970F0E629187C7C00DAC2A5 /* Resources */,
			);
			buildRules = (
			);
			dependencies = (
				4970F0EA29187C7C00DAC2A5 /* PBXTargetDependency */,
			);
			name = EssentialAppTests;
			productName = EssentialAppTests;
			productReference = 4970F0E829187C7C00DAC2A5 /* EssentialAppTests.xctest */;
			productType = "com.apple.product-type.bundle.unit-test";
		};
		4970F0F129187C7C00DAC2A5 /* EssentialAppUITests */ = {
			isa = PBXNativeTarget;
			buildConfigurationList = 4970F10229187C7C00DAC2A5 /* Build configuration list for PBXNativeTarget "EssentialAppUITests" */;
			buildPhases = (
				4970F0EE29187C7C00DAC2A5 /* Sources */,
				4970F0EF29187C7C00DAC2A5 /* Frameworks */,
				4970F0F029187C7C00DAC2A5 /* Resources */,
			);
			buildRules = (
			);
			dependencies = (
				4970F0F429187C7C00DAC2A5 /* PBXTargetDependency */,
			);
			name = EssentialAppUITests;
			productName = EssentialAppUITests;
			productReference = 4970F0F229187C7C00DAC2A5 /* EssentialAppUITests.xctest */;
			productType = "com.apple.product-type.bundle.ui-testing";
		};
		498EB79029450BC600D1F08D /* EssentialAppUIAcceptanceTests */ = {
			isa = PBXNativeTarget;
			buildConfigurationList = 498EB79929450BC600D1F08D /* Build configuration list for PBXNativeTarget "EssentialAppUIAcceptanceTests" */;
			buildPhases = (
				498EB78D29450BC600D1F08D /* Sources */,
				498EB78E29450BC600D1F08D /* Frameworks */,
				498EB78F29450BC600D1F08D /* Resources */,
			);
			buildRules = (
			);
			dependencies = (
				498EB79829450BC600D1F08D /* PBXTargetDependency */,
			);
			name = EssentialAppUIAcceptanceTests;
			productName = EssentialAppUIAcceptanceTests;
			productReference = 498EB79129450BC600D1F08D /* EssentialAppUIAcceptanceTests.xctest */;
			productType = "com.apple.product-type.bundle.ui-testing";
		};
/* End PBXNativeTarget section */

/* Begin PBXProject section */
		4970F0CA29187C7900DAC2A5 /* Project object */ = {
			isa = PBXProject;
			attributes = {
				BuildIndependentTargetsInParallel = 1;
				LastSwiftUpdateCheck = 1400;
				LastUpgradeCheck = 1340;
				TargetAttributes = {
					4970F0D129187C7900DAC2A5 = {
						CreatedOnToolsVersion = 13.4.1;
					};
					4970F0E729187C7C00DAC2A5 = {
						CreatedOnToolsVersion = 13.4.1;
						TestTargetID = 4970F0D129187C7900DAC2A5;
					};
					4970F0F129187C7C00DAC2A5 = {
						CreatedOnToolsVersion = 13.4.1;
						TestTargetID = 4970F0D129187C7900DAC2A5;
					};
					498EB79029450BC600D1F08D = {
						CreatedOnToolsVersion = 14.0.1;
						TestTargetID = 4970F0D129187C7900DAC2A5;
					};
				};
			};
			buildConfigurationList = 4970F0CD29187C7900DAC2A5 /* Build configuration list for PBXProject "EssentialApp" */;
			compatibilityVersion = "Xcode 13.0";
			developmentRegion = en;
			hasScannedForEncodings = 0;
			knownRegions = (
				en,
				Base,
			);
			mainGroup = 4970F0C929187C7900DAC2A5;
			productRefGroup = 4970F0D329187C7900DAC2A5 /* Products */;
			projectDirPath = "";
			projectRoot = "";
			targets = (
				4970F0D129187C7900DAC2A5 /* EssentialApp */,
				4970F0E729187C7C00DAC2A5 /* EssentialAppTests */,
				4970F0F129187C7C00DAC2A5 /* EssentialAppUITests */,
				498EB79029450BC600D1F08D /* EssentialAppUIAcceptanceTests */,
			);
		};
/* End PBXProject section */

/* Begin PBXResourcesBuildPhase section */
		4970F0D029187C7900DAC2A5 /* Resources */ = {
			isa = PBXResourcesBuildPhase;
			buildActionMask = 2147483647;
			files = (
				4970F0E229187C7B00DAC2A5 /* LaunchScreen.storyboard in Resources */,
				4970F0DF29187C7B00DAC2A5 /* Assets.xcassets in Resources */,
				4970F0DD29187C7900DAC2A5 /* Main.storyboard in Resources */,
			);
			runOnlyForDeploymentPostprocessing = 0;
		};
		4970F0E629187C7C00DAC2A5 /* Resources */ = {
			isa = PBXResourcesBuildPhase;
			buildActionMask = 2147483647;
			files = (
			);
			runOnlyForDeploymentPostprocessing = 0;
		};
		4970F0F029187C7C00DAC2A5 /* Resources */ = {
			isa = PBXResourcesBuildPhase;
			buildActionMask = 2147483647;
			files = (
			);
			runOnlyForDeploymentPostprocessing = 0;
		};
		498EB78F29450BC600D1F08D /* Resources */ = {
			isa = PBXResourcesBuildPhase;
			buildActionMask = 2147483647;
			files = (
			);
			runOnlyForDeploymentPostprocessing = 0;
		};
/* End PBXResourcesBuildPhase section */

/* Begin PBXSourcesBuildPhase section */
		4970F0CE29187C7900DAC2A5 /* Sources */ = {
			isa = PBXSourcesBuildPhase;
			buildActionMask = 2147483647;
			files = (
				4970F0DA29187C7900DAC2A5 /* ViewController.swift in Sources */,
				49DEE6D0294682D50093ACA1 /* FeedUIComposer.swift in Sources */,
				4970F0D629187C7900DAC2A5 /* AppDelegate.swift in Sources */,
				49DEE6D1294682D50093ACA1 /* MainQueueDispatchDecorator.swift in Sources */,
				498EB7842944FF8D00D1F08D /* FeedImageDataLoaderDecorator.swift in Sources */,
				4970F0D829187C7900DAC2A5 /* SceneDelegate.swift in Sources */,
				49A339862924436100F8FFC8 /* FeedImageDataLoaderWithFallbackComposite.swift in Sources */,
			);
			runOnlyForDeploymentPostprocessing = 0;
		};
		4970F0E429187C7C00DAC2A5 /* Sources */ = {
			isa = PBXSourcesBuildPhase;
			buildActionMask = 2147483647;
			files = (
				49ACD750293D6B9A00892C2E /* FeedLoaderStub.swift in Sources */,
				49DEE6E129468D820093ACA1 /* InMemoryFeedStore.swift in Sources */,
				498EB788294501FB00D1F08D /* FeedImageDataLoaderDecoratorTests.swift in Sources */,
				49A3398B29244B3300F8FFC8 /* XCTestCase+MemoryLeakTracking.swift in Sources */,
				49ACD752293D6CFA00892C2E /* XCTestCase+FeedLoader.swift in Sources */,
				49A3398D29244B8000F8FFC8 /* SharedTestHelpers.swift in Sources */,
				4970F0ED29187C7C00DAC2A5 /* EssentialAppTests.swift in Sources */,
				498EB78A2945050900D1F08D /* DataLoaderSpy.swift in Sources */,
				49DEE6D7294684B50093ACA1 /* FeedViewController+Localization.swift in Sources */,
				49ACD74E293D69CF00892C2E /* FeedLoaderCacheDecoratorTests.swift in Sources */,
				498EB78C29450AF500D1F08D /* XCTestCase+FeedImageDataLoader.swift in Sources */,
				49DEE6DF29468D520093ACA1 /* HTTPClientStub.swift in Sources */,
				49DEE6DD294685D20093ACA1 /* FeedAcceptanceTests.swift in Sources */,
				49DEE6D3294683260093ACA1 /* FeedUIIntegrationTests.swift in Sources */,
				49DEE6CD29467FD70093ACA1 /* SceneDelegateTests.swift in Sources */,
			);
			runOnlyForDeploymentPostprocessing = 0;
		};
		4970F0EE29187C7C00DAC2A5 /* Sources */ = {
			isa = PBXSourcesBuildPhase;
			buildActionMask = 2147483647;
			files = (
			);
			runOnlyForDeploymentPostprocessing = 0;
		};
		498EB78D29450BC600D1F08D /* Sources */ = {
			isa = PBXSourcesBuildPhase;
			buildActionMask = 2147483647;
			files = (
			);
			runOnlyForDeploymentPostprocessing = 0;
		};
/* End PBXSourcesBuildPhase section */

/* Begin PBXTargetDependency section */
		4970F0EA29187C7C00DAC2A5 /* PBXTargetDependency */ = {
			isa = PBXTargetDependency;
			target = 4970F0D129187C7900DAC2A5 /* EssentialApp */;
			targetProxy = 4970F0E929187C7C00DAC2A5 /* PBXContainerItemProxy */;
		};
		4970F0F429187C7C00DAC2A5 /* PBXTargetDependency */ = {
			isa = PBXTargetDependency;
			target = 4970F0D129187C7900DAC2A5 /* EssentialApp */;
			targetProxy = 4970F0F329187C7C00DAC2A5 /* PBXContainerItemProxy */;
		};
		498EB79829450BC600D1F08D /* PBXTargetDependency */ = {
			isa = PBXTargetDependency;
			target = 4970F0D129187C7900DAC2A5 /* EssentialApp */;
			targetProxy = 498EB79729450BC600D1F08D /* PBXContainerItemProxy */;
		};
/* End PBXTargetDependency section */

/* Begin PBXVariantGroup section */
		4970F0DB29187C7900DAC2A5 /* Main.storyboard */ = {
			isa = PBXVariantGroup;
			children = (
				4970F0DC29187C7900DAC2A5 /* Base */,
			);
			name = Main.storyboard;
			sourceTree = "<group>";
		};
		4970F0E029187C7B00DAC2A5 /* LaunchScreen.storyboard */ = {
			isa = PBXVariantGroup;
			children = (
				4970F0E129187C7B00DAC2A5 /* Base */,
			);
			name = LaunchScreen.storyboard;
			sourceTree = "<group>";
		};
/* End PBXVariantGroup section */

/* Begin XCBuildConfiguration section */
		4970F0FA29187C7C00DAC2A5 /* Debug */ = {
			isa = XCBuildConfiguration;
			buildSettings = {
				ALWAYS_SEARCH_USER_PATHS = NO;
				CLANG_ANALYZER_NONNULL = YES;
				CLANG_ANALYZER_NUMBER_OBJECT_CONVERSION = YES_AGGRESSIVE;
				CLANG_CXX_LANGUAGE_STANDARD = "gnu++17";
				CLANG_ENABLE_MODULES = YES;
				CLANG_ENABLE_OBJC_ARC = YES;
				CLANG_ENABLE_OBJC_WEAK = YES;
				CLANG_WARN_BLOCK_CAPTURE_AUTORELEASING = YES;
				CLANG_WARN_BOOL_CONVERSION = YES;
				CLANG_WARN_COMMA = YES;
				CLANG_WARN_CONSTANT_CONVERSION = YES;
				CLANG_WARN_DEPRECATED_OBJC_IMPLEMENTATIONS = YES;
				CLANG_WARN_DIRECT_OBJC_ISA_USAGE = YES_ERROR;
				CLANG_WARN_DOCUMENTATION_COMMENTS = YES;
				CLANG_WARN_EMPTY_BODY = YES;
				CLANG_WARN_ENUM_CONVERSION = YES;
				CLANG_WARN_INFINITE_RECURSION = YES;
				CLANG_WARN_INT_CONVERSION = YES;
				CLANG_WARN_NON_LITERAL_NULL_CONVERSION = YES;
				CLANG_WARN_OBJC_IMPLICIT_RETAIN_SELF = YES;
				CLANG_WARN_OBJC_LITERAL_CONVERSION = YES;
				CLANG_WARN_OBJC_ROOT_CLASS = YES_ERROR;
				CLANG_WARN_QUOTED_INCLUDE_IN_FRAMEWORK_HEADER = YES;
				CLANG_WARN_RANGE_LOOP_ANALYSIS = YES;
				CLANG_WARN_STRICT_PROTOTYPES = YES;
				CLANG_WARN_SUSPICIOUS_MOVE = YES;
				CLANG_WARN_UNGUARDED_AVAILABILITY = YES_AGGRESSIVE;
				CLANG_WARN_UNREACHABLE_CODE = YES;
				CLANG_WARN__DUPLICATE_METHOD_MATCH = YES;
				COPY_PHASE_STRIP = NO;
				DEBUG_INFORMATION_FORMAT = dwarf;
				ENABLE_STRICT_OBJC_MSGSEND = YES;
				ENABLE_TESTABILITY = YES;
				GCC_C_LANGUAGE_STANDARD = gnu11;
				GCC_DYNAMIC_NO_PIC = NO;
				GCC_NO_COMMON_BLOCKS = YES;
				GCC_OPTIMIZATION_LEVEL = 0;
				GCC_PREPROCESSOR_DEFINITIONS = (
					"DEBUG=1",
					"$(inherited)",
				);
				GCC_WARN_64_TO_32_BIT_CONVERSION = YES;
				GCC_WARN_ABOUT_RETURN_TYPE = YES_ERROR;
				GCC_WARN_UNDECLARED_SELECTOR = YES;
				GCC_WARN_UNINITIALIZED_AUTOS = YES_AGGRESSIVE;
				GCC_WARN_UNUSED_FUNCTION = YES;
				GCC_WARN_UNUSED_VARIABLE = YES;
				IPHONEOS_DEPLOYMENT_TARGET = 15.5;
				MTL_ENABLE_DEBUG_INFO = INCLUDE_SOURCE;
				MTL_FAST_MATH = YES;
				ONLY_ACTIVE_ARCH = YES;
				SDKROOT = iphoneos;
				SWIFT_ACTIVE_COMPILATION_CONDITIONS = DEBUG;
				SWIFT_OPTIMIZATION_LEVEL = "-Onone";
			};
			name = Debug;
		};
		4970F0FB29187C7C00DAC2A5 /* Release */ = {
			isa = XCBuildConfiguration;
			buildSettings = {
				ALWAYS_SEARCH_USER_PATHS = NO;
				CLANG_ANALYZER_NONNULL = YES;
				CLANG_ANALYZER_NUMBER_OBJECT_CONVERSION = YES_AGGRESSIVE;
				CLANG_CXX_LANGUAGE_STANDARD = "gnu++17";
				CLANG_ENABLE_MODULES = YES;
				CLANG_ENABLE_OBJC_ARC = YES;
				CLANG_ENABLE_OBJC_WEAK = YES;
				CLANG_WARN_BLOCK_CAPTURE_AUTORELEASING = YES;
				CLANG_WARN_BOOL_CONVERSION = YES;
				CLANG_WARN_COMMA = YES;
				CLANG_WARN_CONSTANT_CONVERSION = YES;
				CLANG_WARN_DEPRECATED_OBJC_IMPLEMENTATIONS = YES;
				CLANG_WARN_DIRECT_OBJC_ISA_USAGE = YES_ERROR;
				CLANG_WARN_DOCUMENTATION_COMMENTS = YES;
				CLANG_WARN_EMPTY_BODY = YES;
				CLANG_WARN_ENUM_CONVERSION = YES;
				CLANG_WARN_INFINITE_RECURSION = YES;
				CLANG_WARN_INT_CONVERSION = YES;
				CLANG_WARN_NON_LITERAL_NULL_CONVERSION = YES;
				CLANG_WARN_OBJC_IMPLICIT_RETAIN_SELF = YES;
				CLANG_WARN_OBJC_LITERAL_CONVERSION = YES;
				CLANG_WARN_OBJC_ROOT_CLASS = YES_ERROR;
				CLANG_WARN_QUOTED_INCLUDE_IN_FRAMEWORK_HEADER = YES;
				CLANG_WARN_RANGE_LOOP_ANALYSIS = YES;
				CLANG_WARN_STRICT_PROTOTYPES = YES;
				CLANG_WARN_SUSPICIOUS_MOVE = YES;
				CLANG_WARN_UNGUARDED_AVAILABILITY = YES_AGGRESSIVE;
				CLANG_WARN_UNREACHABLE_CODE = YES;
				CLANG_WARN__DUPLICATE_METHOD_MATCH = YES;
				COPY_PHASE_STRIP = NO;
				DEBUG_INFORMATION_FORMAT = "dwarf-with-dsym";
				ENABLE_NS_ASSERTIONS = NO;
				ENABLE_STRICT_OBJC_MSGSEND = YES;
				GCC_C_LANGUAGE_STANDARD = gnu11;
				GCC_NO_COMMON_BLOCKS = YES;
				GCC_WARN_64_TO_32_BIT_CONVERSION = YES;
				GCC_WARN_ABOUT_RETURN_TYPE = YES_ERROR;
				GCC_WARN_UNDECLARED_SELECTOR = YES;
				GCC_WARN_UNINITIALIZED_AUTOS = YES_AGGRESSIVE;
				GCC_WARN_UNUSED_FUNCTION = YES;
				GCC_WARN_UNUSED_VARIABLE = YES;
				IPHONEOS_DEPLOYMENT_TARGET = 15.5;
				MTL_ENABLE_DEBUG_INFO = NO;
				MTL_FAST_MATH = YES;
				SDKROOT = iphoneos;
				SWIFT_COMPILATION_MODE = wholemodule;
				SWIFT_OPTIMIZATION_LEVEL = "-O";
				VALIDATE_PRODUCT = YES;
			};
			name = Release;
		};
		4970F0FD29187C7C00DAC2A5 /* Debug */ = {
			isa = XCBuildConfiguration;
			buildSettings = {
				ASSETCATALOG_COMPILER_APPICON_NAME = AppIcon;
				ASSETCATALOG_COMPILER_GLOBAL_ACCENT_COLOR_NAME = AccentColor;
				CODE_SIGN_STYLE = Automatic;
				CURRENT_PROJECT_VERSION = 1;
				GENERATE_INFOPLIST_FILE = YES;
				INFOPLIST_FILE = EssentialApp/Info.plist;
				INFOPLIST_KEY_UIApplicationSupportsIndirectInputEvents = YES;
				INFOPLIST_KEY_UILaunchStoryboardName = LaunchScreen;
				INFOPLIST_KEY_UIMainStoryboardFile = Main;
				INFOPLIST_KEY_UISupportedInterfaceOrientations_iPad = "UIInterfaceOrientationPortrait UIInterfaceOrientationPortraitUpsideDown UIInterfaceOrientationLandscapeLeft UIInterfaceOrientationLandscapeRight";
				INFOPLIST_KEY_UISupportedInterfaceOrientations_iPhone = "UIInterfaceOrientationPortrait UIInterfaceOrientationLandscapeLeft UIInterfaceOrientationLandscapeRight";
				LD_RUNPATH_SEARCH_PATHS = (
					"$(inherited)",
					"@executable_path/Frameworks",
				);
				MARKETING_VERSION = 1.0;
				PRODUCT_BUNDLE_IDENTIFIER = vitor.EssentialApp;
				PRODUCT_NAME = "$(TARGET_NAME)";
				SWIFT_EMIT_LOC_STRINGS = YES;
				SWIFT_VERSION = 5.0;
				TARGETED_DEVICE_FAMILY = "1,2";
			};
			name = Debug;
		};
		4970F0FE29187C7C00DAC2A5 /* Release */ = {
			isa = XCBuildConfiguration;
			buildSettings = {
				ASSETCATALOG_COMPILER_APPICON_NAME = AppIcon;
				ASSETCATALOG_COMPILER_GLOBAL_ACCENT_COLOR_NAME = AccentColor;
				CODE_SIGN_STYLE = Automatic;
				CURRENT_PROJECT_VERSION = 1;
				GENERATE_INFOPLIST_FILE = YES;
				INFOPLIST_FILE = EssentialApp/Info.plist;
				INFOPLIST_KEY_UIApplicationSupportsIndirectInputEvents = YES;
				INFOPLIST_KEY_UILaunchStoryboardName = LaunchScreen;
				INFOPLIST_KEY_UIMainStoryboardFile = Main;
				INFOPLIST_KEY_UISupportedInterfaceOrientations_iPad = "UIInterfaceOrientationPortrait UIInterfaceOrientationPortraitUpsideDown UIInterfaceOrientationLandscapeLeft UIInterfaceOrientationLandscapeRight";
				INFOPLIST_KEY_UISupportedInterfaceOrientations_iPhone = "UIInterfaceOrientationPortrait UIInterfaceOrientationLandscapeLeft UIInterfaceOrientationLandscapeRight";
				LD_RUNPATH_SEARCH_PATHS = (
					"$(inherited)",
					"@executable_path/Frameworks",
				);
				MARKETING_VERSION = 1.0;
				PRODUCT_BUNDLE_IDENTIFIER = vitor.EssentialApp;
				PRODUCT_NAME = "$(TARGET_NAME)";
				SWIFT_EMIT_LOC_STRINGS = YES;
				SWIFT_VERSION = 5.0;
				TARGETED_DEVICE_FAMILY = "1,2";
			};
			name = Release;
		};
		4970F10029187C7C00DAC2A5 /* Debug */ = {
			isa = XCBuildConfiguration;
			buildSettings = {
				ALWAYS_EMBED_SWIFT_STANDARD_LIBRARIES = YES;
				BUNDLE_LOADER = "$(TEST_HOST)";
				CODE_SIGN_STYLE = Automatic;
				CURRENT_PROJECT_VERSION = 1;
				GENERATE_INFOPLIST_FILE = YES;
				IPHONEOS_DEPLOYMENT_TARGET = 15.5;
				MARKETING_VERSION = 1.0;
				PRODUCT_BUNDLE_IDENTIFIER = vitor.EssentialAppTests;
				PRODUCT_NAME = "$(TARGET_NAME)";
				SWIFT_EMIT_LOC_STRINGS = NO;
				SWIFT_VERSION = 5.0;
				TARGETED_DEVICE_FAMILY = "1,2";
				TEST_HOST = "$(BUILT_PRODUCTS_DIR)/EssentialApp.app/EssentialApp";
			};
			name = Debug;
		};
		4970F10129187C7C00DAC2A5 /* Release */ = {
			isa = XCBuildConfiguration;
			buildSettings = {
				ALWAYS_EMBED_SWIFT_STANDARD_LIBRARIES = YES;
				BUNDLE_LOADER = "$(TEST_HOST)";
				CODE_SIGN_STYLE = Automatic;
				CURRENT_PROJECT_VERSION = 1;
				GENERATE_INFOPLIST_FILE = YES;
				IPHONEOS_DEPLOYMENT_TARGET = 15.5;
				MARKETING_VERSION = 1.0;
				PRODUCT_BUNDLE_IDENTIFIER = vitor.EssentialAppTests;
				PRODUCT_NAME = "$(TARGET_NAME)";
				SWIFT_EMIT_LOC_STRINGS = NO;
				SWIFT_VERSION = 5.0;
				TARGETED_DEVICE_FAMILY = "1,2";
				TEST_HOST = "$(BUILT_PRODUCTS_DIR)/EssentialApp.app/EssentialApp";
			};
			name = Release;
		};
		4970F10329187C7C00DAC2A5 /* Debug */ = {
			isa = XCBuildConfiguration;
			buildSettings = {
				ALWAYS_EMBED_SWIFT_STANDARD_LIBRARIES = YES;
				CODE_SIGN_STYLE = Automatic;
				CURRENT_PROJECT_VERSION = 1;
				GENERATE_INFOPLIST_FILE = YES;
				MARKETING_VERSION = 1.0;
				PRODUCT_BUNDLE_IDENTIFIER = vitor.EssentialAppUITests;
				PRODUCT_NAME = "$(TARGET_NAME)";
				SWIFT_EMIT_LOC_STRINGS = NO;
				SWIFT_VERSION = 5.0;
				TARGETED_DEVICE_FAMILY = "1,2";
				TEST_TARGET_NAME = EssentialApp;
			};
			name = Debug;
		};
		4970F10429187C7C00DAC2A5 /* Release */ = {
			isa = XCBuildConfiguration;
			buildSettings = {
				ALWAYS_EMBED_SWIFT_STANDARD_LIBRARIES = YES;
				CODE_SIGN_STYLE = Automatic;
				CURRENT_PROJECT_VERSION = 1;
				GENERATE_INFOPLIST_FILE = YES;
				MARKETING_VERSION = 1.0;
				PRODUCT_BUNDLE_IDENTIFIER = vitor.EssentialAppUITests;
				PRODUCT_NAME = "$(TARGET_NAME)";
				SWIFT_EMIT_LOC_STRINGS = NO;
				SWIFT_VERSION = 5.0;
				TARGETED_DEVICE_FAMILY = "1,2";
				TEST_TARGET_NAME = EssentialApp;
			};
			name = Release;
		};
		498EB79A29450BC600D1F08D /* Debug */ = {
			isa = XCBuildConfiguration;
			buildSettings = {
				CLANG_CXX_LANGUAGE_STANDARD = "gnu++20";
				CODE_SIGN_STYLE = Automatic;
				CURRENT_PROJECT_VERSION = 1;
				GENERATE_INFOPLIST_FILE = YES;
				IPHONEOS_DEPLOYMENT_TARGET = 15.5;
				MARKETING_VERSION = 1.0;
				PRODUCT_BUNDLE_IDENTIFIER = vitor.EssentialAppUIAcceptanceTests;
				PRODUCT_NAME = "$(TARGET_NAME)";
				SUPPORTED_PLATFORMS = "iphoneos iphonesimulator";
				SUPPORTS_MACCATALYST = NO;
				SUPPORTS_MAC_DESIGNED_FOR_IPHONE_IPAD = NO;
				SWIFT_EMIT_LOC_STRINGS = NO;
				SWIFT_VERSION = 5.0;
				TARGETED_DEVICE_FAMILY = 1;
				TEST_TARGET_NAME = EssentialApp;
			};
			name = Debug;
		};
		498EB79B29450BC600D1F08D /* Release */ = {
			isa = XCBuildConfiguration;
			buildSettings = {
				CLANG_CXX_LANGUAGE_STANDARD = "gnu++20";
				CODE_SIGN_STYLE = Automatic;
				CURRENT_PROJECT_VERSION = 1;
				GENERATE_INFOPLIST_FILE = YES;
				IPHONEOS_DEPLOYMENT_TARGET = 15.5;
				MARKETING_VERSION = 1.0;
				PRODUCT_BUNDLE_IDENTIFIER = vitor.EssentialAppUIAcceptanceTests;
				PRODUCT_NAME = "$(TARGET_NAME)";
				SUPPORTED_PLATFORMS = "iphoneos iphonesimulator";
				SUPPORTS_MACCATALYST = NO;
				SUPPORTS_MAC_DESIGNED_FOR_IPHONE_IPAD = NO;
				SWIFT_EMIT_LOC_STRINGS = NO;
				SWIFT_VERSION = 5.0;
				TARGETED_DEVICE_FAMILY = 1;
				TEST_TARGET_NAME = EssentialApp;
			};
			name = Release;
		};
/* End XCBuildConfiguration section */

/* Begin XCConfigurationList section */
		4970F0CD29187C7900DAC2A5 /* Build configuration list for PBXProject "EssentialApp" */ = {
			isa = XCConfigurationList;
			buildConfigurations = (
				4970F0FA29187C7C00DAC2A5 /* Debug */,
				4970F0FB29187C7C00DAC2A5 /* Release */,
			);
			defaultConfigurationIsVisible = 0;
			defaultConfigurationName = Release;
		};
		4970F0FC29187C7C00DAC2A5 /* Build configuration list for PBXNativeTarget "EssentialApp" */ = {
			isa = XCConfigurationList;
			buildConfigurations = (
				4970F0FD29187C7C00DAC2A5 /* Debug */,
				4970F0FE29187C7C00DAC2A5 /* Release */,
			);
			defaultConfigurationIsVisible = 0;
			defaultConfigurationName = Release;
		};
		4970F0FF29187C7C00DAC2A5 /* Build configuration list for PBXNativeTarget "EssentialAppTests" */ = {
			isa = XCConfigurationList;
			buildConfigurations = (
				4970F10029187C7C00DAC2A5 /* Debug */,
				4970F10129187C7C00DAC2A5 /* Release */,
			);
			defaultConfigurationIsVisible = 0;
			defaultConfigurationName = Release;
		};
		4970F10229187C7C00DAC2A5 /* Build configuration list for PBXNativeTarget "EssentialAppUITests" */ = {
			isa = XCConfigurationList;
			buildConfigurations = (
				4970F10329187C7C00DAC2A5 /* Debug */,
				4970F10429187C7C00DAC2A5 /* Release */,
			);
			defaultConfigurationIsVisible = 0;
			defaultConfigurationName = Release;
		};
		498EB79929450BC600D1F08D /* Build configuration list for PBXNativeTarget "EssentialAppUIAcceptanceTests" */ = {
			isa = XCConfigurationList;
			buildConfigurations = (
				498EB79A29450BC600D1F08D /* Debug */,
				498EB79B29450BC600D1F08D /* Release */,
			);
			defaultConfigurationIsVisible = 0;
			defaultConfigurationName = Release;
		};
/* End XCConfigurationList section */
	};
	rootObject = 4970F0CA29187C7900DAC2A5 /* Project object */;
}
